
Microsoft Visual Studio Solution File, Format Version 12.00
# Visual Studio Version 16
VisualStudioVersion = 16.0.30907.101
MinimumVisualStudioVersion = 10.0.40219.1
Project("{9A19103F-16F7-4668-BE54-9A1E7A4F7556}") = "Introduction", "Introduction\Introduction.csproj", "{A22005E7-F40D-480A-A9C1-C17797D9047B}"
EndProject
Project("{9A19103F-16F7-4668-BE54-9A1E7A4F7556}") = "CodeBlocksAndStatements", "CodeBlocksAndStatements\CodeBlocksAndStatements.csproj", "{610B606C-ADB4-4F99-8A5B-BF6D358C9BCD}"
EndProject
Project("{2150E333-8FDC-42A3-9474-1A3956D46DE8}") = "Basic Operators", "Basic Operators", "{619107DC-96B0-42E7-8CB1-216276FBB5D5}"
EndProject
Project("{9A19103F-16F7-4668-BE54-9A1E7A4F7556}") = "ArithmeticOperators", "ArithmeticOperators\ArithmeticOperators.csproj", "{0AF13A6C-2FF8-4BBD-B09C-D8F40BC4B4E0}"
EndProject
Project("{9A19103F-16F7-4668-BE54-9A1E7A4F7556}") = "AssignmentOperators", "AssignmentOperators\AssignmentOperators.csproj", "{BDE73EF3-39C8-435B-9955-91CFBF79DC94}"
EndProject
Project("{9A19103F-16F7-4668-BE54-9A1E7A4F7556}") = "ComparisonOperators", "ComparisonOperators\ComparisonOperators.csproj", "{4B7D5BA1-735C-42C8-AA0C-BD5AA19407BB}"
EndProject
Project("{9A19103F-16F7-4668-BE54-9A1E7A4F7556}") = "LogicalOperators", "LogicalOperators\LogicalOperators.csproj", "{9FB77D94-1462-4D64-89AC-19A43163C4F8}"
EndProject
Project("{9A19103F-16F7-4668-BE54-9A1E7A4F7556}") = "StringConcatenation", "StringConcatenation\StringConcatenation.csproj", "{3256FEDA-1D76-4803-AD97-DF1FEAAD296D}"
EndProject
Project("{2150E333-8FDC-42A3-9474-1A3956D46DE8}") = "Flow of Execution", "Flow of Execution", "{7E811035-D861-4D46-B9DC-FB799830D483}"
EndProject
Project("{2150E333-8FDC-42A3-9474-1A3956D46DE8}") = "Basic Syntax", "Basic Syntax", "{2FF1E1E5-66CA-45FA-95E6-E7C6E1CB1F22}"
EndProject
Project("{2150E333-8FDC-42A3-9474-1A3956D46DE8}") = "LINQ", "LINQ", "{0D9C77BB-A4EC-4D81-98A3-8B7B97E5CF7B}"
EndProject
Project("{2150E333-8FDC-42A3-9474-1A3956D46DE8}") = "OOP", "OOP", "{E0EE35E8-6E09-48F4-9823-E97B29CFC544}"
EndProject
Project("{2150E333-8FDC-42A3-9474-1A3956D46DE8}") = "Async", "Async", "{3FEFC133-BCE5-4D6B-B643-7AF770E158D6}"
EndProject
Project("{9A19103F-16F7-4668-BE54-9A1E7A4F7556}") = "Branching", "Branching\Branching.csproj", "{2FB9777E-D815-42D3-8EB1-8FEA26D302EB}"
EndProject
Project("{9A19103F-16F7-4668-BE54-9A1E7A4F7556}") = "Looping", "Looping\Looping.csproj", "{6C14D1E2-B693-4227-BF87-85072F2AE16A}"
EndProject
Project("{9A19103F-16F7-4668-BE54-9A1E7A4F7556}") = "Jumping", "Jumping\Jumping.csproj", "{274FFEF8-A239-4624-883F-06268A92CFB2}"
EndProject
Project("{9A19103F-16F7-4668-BE54-9A1E7A4F7556}") = "Switching", "Switching\Switching.csproj", "{29FD6E16-FCBD-4D12-97EC-938CE15B74CD}"
EndProject
Project("{9A19103F-16F7-4668-BE54-9A1E7A4F7556}") = "Returning", "Returning\Returning.csproj", "{2CC432FB-B163-4694-A492-4F2F5F94918A}"
EndProject
Project("{9A19103F-16F7-4668-BE54-9A1E7A4F7556}") = "ErrorHandling", "ErrorHandling\ErrorHandling.csproj", "{A44BA1E4-12BB-40BB-82E9-AC34E0DBD749}"
EndProject
Project("{2150E333-8FDC-42A3-9474-1A3956D46DE8}") = "Classes, Objects, Types", "Classes, Objects, Types", "{739B07A5-23F8-4BAF-9A44-D4BC1DD7D0AA}"
EndProject
Project("{9A19103F-16F7-4668-BE54-9A1E7A4F7556}") = "ClassesAndObjects", "ClassesAndObjects\ClassesAndObjects.csproj", "{F2E785FA-7B9D-40F4-B661-F33FC7D203C6}"
EndProject
Project("{9A19103F-16F7-4668-BE54-9A1E7A4F7556}") = "Types", "Types\Types.csproj", "{AD5AE258-BC50-4ABA-BD92-171C89A96C30}"
EndProject
Project("{9A19103F-16F7-4668-BE54-9A1E7A4F7556}") = "ValueTypes", "ValueTypes\ValueTypes.csproj", "{3BD85A85-A9B4-4789-B0DE-6BB8DF141184}"
EndProject
Project("{9A19103F-16F7-4668-BE54-9A1E7A4F7556}") = "ReferenceTypes", "ReferenceTypes\ReferenceTypes.csproj", "{F472C68B-2294-4DE7-86AD-56D95E53EAAE}"
EndProject
Project("{9A19103F-16F7-4668-BE54-9A1E7A4F7556}") = "GenericTypes", "GenericTypes\GenericTypes.csproj", "{83F7E6A8-E385-4325-89B2-2CAAD98C909D}"
EndProject
Project("{9A19103F-16F7-4668-BE54-9A1E7A4F7556}") = "StringType", "StringType\StringType.csproj", "{A9A804D8-CCE9-4D71-8378-CB001CE64123}"
EndProject
Project("{9A19103F-16F7-4668-BE54-9A1E7A4F7556}") = "ExtensionMethods", "ExtensionMethods\ExtensionMethods.csproj", "{5BA67CF2-BEA6-4E98-A306-6E08382CB187}"
EndProject
Project("{9A19103F-16F7-4668-BE54-9A1E7A4F7556}") = "Array", "Array\Array.csproj", "{47BA0B94-279B-4CAB-BB30-D31A807F8DF3}"
EndProject
Project("{2150E333-8FDC-42A3-9474-1A3956D46DE8}") = "Collections", "Collections", "{6AFD15D0-60E5-49AC-BBFB-16E3DFB3E498}"
EndProject
Project("{9A19103F-16F7-4668-BE54-9A1E7A4F7556}") = "List", "List\List.csproj", "{D7A2D4A4-2A7B-45FF-B6CD-1EAD2BFE6060}"
EndProject
Project("{9A19103F-16F7-4668-BE54-9A1E7A4F7556}") = "Dictionary", "Dictionary\Dictionary.csproj", "{D74EF528-5960-4D6E-946A-A53E8F1662E8}"
EndProject
Project("{2150E333-8FDC-42A3-9474-1A3956D46DE8}") = "Value Types, Reference Types", "Value Types, Reference Types", "{3CF5D4B4-8B45-4E62-8C27-77059DEB5707}"
EndProject
Project("{9A19103F-16F7-4668-BE54-9A1E7A4F7556}") = "Calculator1", "Calculator1\Calculator1.csproj", "{56310785-EAA7-494F-AF77-77F1A1AA65CD}"
EndProject
Project("{9A19103F-16F7-4668-BE54-9A1E7A4F7556}") = "Calculator2", "Calculator2\Calculator2.csproj", "{694F699A-0CBC-4680-BC45-4CF1085E1B5A}"
EndProject
Project("{9A19103F-16F7-4668-BE54-9A1E7A4F7556}") = "Calculator3", "Calculator3\Calculator3.csproj", "{8B1461F8-3831-4DC9-8A5B-7E33FB72EC12}"
EndProject
Project("{9A19103F-16F7-4668-BE54-9A1E7A4F7556}") = "Calculator4", "Calculator4\Calculator4.csproj", "{1D14609E-075C-4B34-BD4F-6062E8ADDCBF}"
EndProject
Project("{9A19103F-16F7-4668-BE54-9A1E7A4F7556}") = "Filtering", "Filtering\Filtering.csproj", "{8678D6A0-E51C-4643-94C1-7525E1F30FCC}"
EndProject
Project("{9A19103F-16F7-4668-BE54-9A1E7A4F7556}") = "Ordering", "Ordering\Ordering.csproj", "{D2044D6F-1655-444D-BF9E-1723782C3AE6}"
EndProject
Project("{9A19103F-16F7-4668-BE54-9A1E7A4F7556}") = "Projecting", "Projecting\Projecting.csproj", "{468EA981-31DC-4B29-A2BF-D38464C81146}"
EndProject
Project("{9A19103F-16F7-4668-BE54-9A1E7A4F7556}") = "Quantifying", "Quantifying\Quantifying.csproj", "{8AB1E6A9-9C35-42A1-9BFA-FD68693941EF}"
EndProject
Project("{9A19103F-16F7-4668-BE54-9A1E7A4F7556}") = "Flattening", "Flattening\Flattening.csproj", "{846FC6BC-04DC-4913-9001-FCCDD2D15BB8}"
EndProject
Project("{9A19103F-16F7-4668-BE54-9A1E7A4F7556}") = "Joining", "Joining\Joining.csproj", "{5240BF9E-CFFE-44D3-BF7B-0FC2CEC57024}"
EndProject
Project("{9A19103F-16F7-4668-BE54-9A1E7A4F7556}") = "Grouping", "Grouping\Grouping.csproj", "{43561F17-71C2-4F03-95EB-00E477D44F26}"
EndProject
Project("{9A19103F-16F7-4668-BE54-9A1E7A4F7556}") = "Aggregating", "Aggregating\Aggregating.csproj", "{990D2587-37EB-4924-8E03-8853F1F63AF1}"
EndProject
Project("{9A19103F-16F7-4668-BE54-9A1E7A4F7556}") = "QuerySyntax", "QuerySyntax\QuerySyntax.csproj", "{0F57C1E9-BA9A-4533-A00F-2B17A069118C}"
EndProject
Project("{FAE04EC0-301F-11D3-BF4B-00C04F79EFBC}") = "AsyncDemo1", "AsyncDemo1\AsyncDemo1.csproj", "{F6A9D2C8-AD3B-491D-8EE5-067F58BB197D}"
EndProject
Project("{FAE04EC0-301F-11D3-BF4B-00C04F79EFBC}") = "AsyncDemo2", "AsyncDemo2\AsyncDemo2.csproj", "{2023751D-739A-49C5-B17F-49D97A8703F9}"
EndProject
Project("{FAE04EC0-301F-11D3-BF4B-00C04F79EFBC}") = "AsyncDemo3", "AsyncDemo3\AsyncDemo3.csproj", "{A786F91B-C239-42AC-A37D-E9DE635D5DA3}"
EndProject
Project("{FAE04EC0-301F-11D3-BF4B-00C04F79EFBC}") = "AsyncDemo4", "AsyncDemo4\AsyncDemo4.csproj", "{1121DD8A-33EE-4DC6-87AE-49CFC7BB587A}"
EndProject
Project("{FAE04EC0-301F-11D3-BF4B-00C04F79EFBC}") = "AsyncDemo5", "AsyncDemo5\AsyncDemo5.csproj", "{EE396A9D-0525-44AE-A854-5613688040F5}"
EndProject
Project("{FAE04EC0-301F-11D3-BF4B-00C04F79EFBC}") = "PassingParameters", "PassingParameters\PassingParameters.csproj", "{A939D046-4202-4ECA-BBFC-8901F9291E83}"
EndProject
Project("{FAE04EC0-301F-11D3-BF4B-00C04F79EFBC}") = "BasicConceptsOfOOP", "BasicConceptsOfOOP\BasicConceptsOfOOP.csproj", "{E903C235-B58E-4930-B647-9C7C12C8F4A8}"
EndProject
Global
	GlobalSection(SolutionConfigurationPlatforms) = preSolution
		Debug|Any CPU = Debug|Any CPU
		Release|Any CPU = Release|Any CPU
	EndGlobalSection
	GlobalSection(ProjectConfigurationPlatforms) = postSolution
		{A22005E7-F40D-480A-A9C1-C17797D9047B}.Debug|Any CPU.ActiveCfg = Debug|Any CPU
		{A22005E7-F40D-480A-A9C1-C17797D9047B}.Debug|Any CPU.Build.0 = Debug|Any CPU
		{A22005E7-F40D-480A-A9C1-C17797D9047B}.Release|Any CPU.ActiveCfg = Release|Any CPU
		{A22005E7-F40D-480A-A9C1-C17797D9047B}.Release|Any CPU.Build.0 = Release|Any CPU
		{610B606C-ADB4-4F99-8A5B-BF6D358C9BCD}.Debug|Any CPU.ActiveCfg = Debug|Any CPU
		{610B606C-ADB4-4F99-8A5B-BF6D358C9BCD}.Debug|Any CPU.Build.0 = Debug|Any CPU
		{610B606C-ADB4-4F99-8A5B-BF6D358C9BCD}.Release|Any CPU.ActiveCfg = Release|Any CPU
		{610B606C-ADB4-4F99-8A5B-BF6D358C9BCD}.Release|Any CPU.Build.0 = Release|Any CPU
		{0AF13A6C-2FF8-4BBD-B09C-D8F40BC4B4E0}.Debug|Any CPU.ActiveCfg = Debug|Any CPU
		{0AF13A6C-2FF8-4BBD-B09C-D8F40BC4B4E0}.Debug|Any CPU.Build.0 = Debug|Any CPU
		{0AF13A6C-2FF8-4BBD-B09C-D8F40BC4B4E0}.Release|Any CPU.ActiveCfg = Release|Any CPU
		{0AF13A6C-2FF8-4BBD-B09C-D8F40BC4B4E0}.Release|Any CPU.Build.0 = Release|Any CPU
		{BDE73EF3-39C8-435B-9955-91CFBF79DC94}.Debug|Any CPU.ActiveCfg = Debug|Any CPU
		{BDE73EF3-39C8-435B-9955-91CFBF79DC94}.Debug|Any CPU.Build.0 = Debug|Any CPU
		{BDE73EF3-39C8-435B-9955-91CFBF79DC94}.Release|Any CPU.ActiveCfg = Release|Any CPU
		{BDE73EF3-39C8-435B-9955-91CFBF79DC94}.Release|Any CPU.Build.0 = Release|Any CPU
		{4B7D5BA1-735C-42C8-AA0C-BD5AA19407BB}.Debug|Any CPU.ActiveCfg = Debug|Any CPU
		{4B7D5BA1-735C-42C8-AA0C-BD5AA19407BB}.Debug|Any CPU.Build.0 = Debug|Any CPU
		{4B7D5BA1-735C-42C8-AA0C-BD5AA19407BB}.Release|Any CPU.ActiveCfg = Release|Any CPU
		{4B7D5BA1-735C-42C8-AA0C-BD5AA19407BB}.Release|Any CPU.Build.0 = Release|Any CPU
		{9FB77D94-1462-4D64-89AC-19A43163C4F8}.Debug|Any CPU.ActiveCfg = Debug|Any CPU
		{9FB77D94-1462-4D64-89AC-19A43163C4F8}.Debug|Any CPU.Build.0 = Debug|Any CPU
		{9FB77D94-1462-4D64-89AC-19A43163C4F8}.Release|Any CPU.ActiveCfg = Release|Any CPU
		{9FB77D94-1462-4D64-89AC-19A43163C4F8}.Release|Any CPU.Build.0 = Release|Any CPU
		{3256FEDA-1D76-4803-AD97-DF1FEAAD296D}.Debug|Any CPU.ActiveCfg = Debug|Any CPU
		{3256FEDA-1D76-4803-AD97-DF1FEAAD296D}.Debug|Any CPU.Build.0 = Debug|Any CPU
		{3256FEDA-1D76-4803-AD97-DF1FEAAD296D}.Release|Any CPU.ActiveCfg = Release|Any CPU
		{3256FEDA-1D76-4803-AD97-DF1FEAAD296D}.Release|Any CPU.Build.0 = Release|Any CPU
		{2FB9777E-D815-42D3-8EB1-8FEA26D302EB}.Debug|Any CPU.ActiveCfg = Debug|Any CPU
		{2FB9777E-D815-42D3-8EB1-8FEA26D302EB}.Debug|Any CPU.Build.0 = Debug|Any CPU
		{2FB9777E-D815-42D3-8EB1-8FEA26D302EB}.Release|Any CPU.ActiveCfg = Release|Any CPU
		{2FB9777E-D815-42D3-8EB1-8FEA26D302EB}.Release|Any CPU.Build.0 = Release|Any CPU
		{6C14D1E2-B693-4227-BF87-85072F2AE16A}.Debug|Any CPU.ActiveCfg = Debug|Any CPU
		{6C14D1E2-B693-4227-BF87-85072F2AE16A}.Debug|Any CPU.Build.0 = Debug|Any CPU
		{6C14D1E2-B693-4227-BF87-85072F2AE16A}.Release|Any CPU.ActiveCfg = Release|Any CPU
		{6C14D1E2-B693-4227-BF87-85072F2AE16A}.Release|Any CPU.Build.0 = Release|Any CPU
		{274FFEF8-A239-4624-883F-06268A92CFB2}.Debug|Any CPU.ActiveCfg = Debug|Any CPU
		{274FFEF8-A239-4624-883F-06268A92CFB2}.Debug|Any CPU.Build.0 = Debug|Any CPU
		{274FFEF8-A239-4624-883F-06268A92CFB2}.Release|Any CPU.ActiveCfg = Release|Any CPU
		{274FFEF8-A239-4624-883F-06268A92CFB2}.Release|Any CPU.Build.0 = Release|Any CPU
		{29FD6E16-FCBD-4D12-97EC-938CE15B74CD}.Debug|Any CPU.ActiveCfg = Debug|Any CPU
		{29FD6E16-FCBD-4D12-97EC-938CE15B74CD}.Debug|Any CPU.Build.0 = Debug|Any CPU
		{29FD6E16-FCBD-4D12-97EC-938CE15B74CD}.Release|Any CPU.ActiveCfg = Release|Any CPU
		{29FD6E16-FCBD-4D12-97EC-938CE15B74CD}.Release|Any CPU.Build.0 = Release|Any CPU
		{2CC432FB-B163-4694-A492-4F2F5F94918A}.Debug|Any CPU.ActiveCfg = Debug|Any CPU
		{2CC432FB-B163-4694-A492-4F2F5F94918A}.Debug|Any CPU.Build.0 = Debug|Any CPU
		{2CC432FB-B163-4694-A492-4F2F5F94918A}.Release|Any CPU.ActiveCfg = Release|Any CPU
		{2CC432FB-B163-4694-A492-4F2F5F94918A}.Release|Any CPU.Build.0 = Release|Any CPU
		{A44BA1E4-12BB-40BB-82E9-AC34E0DBD749}.Debug|Any CPU.ActiveCfg = Debug|Any CPU
		{A44BA1E4-12BB-40BB-82E9-AC34E0DBD749}.Debug|Any CPU.Build.0 = Debug|Any CPU
		{A44BA1E4-12BB-40BB-82E9-AC34E0DBD749}.Release|Any CPU.ActiveCfg = Release|Any CPU
		{A44BA1E4-12BB-40BB-82E9-AC34E0DBD749}.Release|Any CPU.Build.0 = Release|Any CPU
		{F2E785FA-7B9D-40F4-B661-F33FC7D203C6}.Debug|Any CPU.ActiveCfg = Debug|Any CPU
		{F2E785FA-7B9D-40F4-B661-F33FC7D203C6}.Debug|Any CPU.Build.0 = Debug|Any CPU
		{F2E785FA-7B9D-40F4-B661-F33FC7D203C6}.Release|Any CPU.ActiveCfg = Release|Any CPU
		{F2E785FA-7B9D-40F4-B661-F33FC7D203C6}.Release|Any CPU.Build.0 = Release|Any CPU
		{AD5AE258-BC50-4ABA-BD92-171C89A96C30}.Debug|Any CPU.ActiveCfg = Debug|Any CPU
		{AD5AE258-BC50-4ABA-BD92-171C89A96C30}.Debug|Any CPU.Build.0 = Debug|Any CPU
		{AD5AE258-BC50-4ABA-BD92-171C89A96C30}.Release|Any CPU.ActiveCfg = Release|Any CPU
		{AD5AE258-BC50-4ABA-BD92-171C89A96C30}.Release|Any CPU.Build.0 = Release|Any CPU
		{3BD85A85-A9B4-4789-B0DE-6BB8DF141184}.Debug|Any CPU.ActiveCfg = Debug|Any CPU
		{3BD85A85-A9B4-4789-B0DE-6BB8DF141184}.Debug|Any CPU.Build.0 = Debug|Any CPU
		{3BD85A85-A9B4-4789-B0DE-6BB8DF141184}.Release|Any CPU.ActiveCfg = Release|Any CPU
		{3BD85A85-A9B4-4789-B0DE-6BB8DF141184}.Release|Any CPU.Build.0 = Release|Any CPU
		{F472C68B-2294-4DE7-86AD-56D95E53EAAE}.Debug|Any CPU.ActiveCfg = Debug|Any CPU
		{F472C68B-2294-4DE7-86AD-56D95E53EAAE}.Debug|Any CPU.Build.0 = Debug|Any CPU
		{F472C68B-2294-4DE7-86AD-56D95E53EAAE}.Release|Any CPU.ActiveCfg = Release|Any CPU
		{F472C68B-2294-4DE7-86AD-56D95E53EAAE}.Release|Any CPU.Build.0 = Release|Any CPU
		{83F7E6A8-E385-4325-89B2-2CAAD98C909D}.Debug|Any CPU.ActiveCfg = Debug|Any CPU
		{83F7E6A8-E385-4325-89B2-2CAAD98C909D}.Debug|Any CPU.Build.0 = Debug|Any CPU
		{83F7E6A8-E385-4325-89B2-2CAAD98C909D}.Release|Any CPU.ActiveCfg = Release|Any CPU
		{83F7E6A8-E385-4325-89B2-2CAAD98C909D}.Release|Any CPU.Build.0 = Release|Any CPU
		{A9A804D8-CCE9-4D71-8378-CB001CE64123}.Debug|Any CPU.ActiveCfg = Debug|Any CPU
		{A9A804D8-CCE9-4D71-8378-CB001CE64123}.Debug|Any CPU.Build.0 = Debug|Any CPU
		{A9A804D8-CCE9-4D71-8378-CB001CE64123}.Release|Any CPU.ActiveCfg = Release|Any CPU
		{A9A804D8-CCE9-4D71-8378-CB001CE64123}.Release|Any CPU.Build.0 = Release|Any CPU
		{5BA67CF2-BEA6-4E98-A306-6E08382CB187}.Debug|Any CPU.ActiveCfg = Debug|Any CPU
		{5BA67CF2-BEA6-4E98-A306-6E08382CB187}.Debug|Any CPU.Build.0 = Debug|Any CPU
		{5BA67CF2-BEA6-4E98-A306-6E08382CB187}.Release|Any CPU.ActiveCfg = Release|Any CPU
		{5BA67CF2-BEA6-4E98-A306-6E08382CB187}.Release|Any CPU.Build.0 = Release|Any CPU
		{47BA0B94-279B-4CAB-BB30-D31A807F8DF3}.Debug|Any CPU.ActiveCfg = Debug|Any CPU
		{47BA0B94-279B-4CAB-BB30-D31A807F8DF3}.Debug|Any CPU.Build.0 = Debug|Any CPU
		{47BA0B94-279B-4CAB-BB30-D31A807F8DF3}.Release|Any CPU.ActiveCfg = Release|Any CPU
		{47BA0B94-279B-4CAB-BB30-D31A807F8DF3}.Release|Any CPU.Build.0 = Release|Any CPU
		{D7A2D4A4-2A7B-45FF-B6CD-1EAD2BFE6060}.Debug|Any CPU.ActiveCfg = Debug|Any CPU
		{D7A2D4A4-2A7B-45FF-B6CD-1EAD2BFE6060}.Debug|Any CPU.Build.0 = Debug|Any CPU
		{D7A2D4A4-2A7B-45FF-B6CD-1EAD2BFE6060}.Release|Any CPU.ActiveCfg = Release|Any CPU
		{D7A2D4A4-2A7B-45FF-B6CD-1EAD2BFE6060}.Release|Any CPU.Build.0 = Release|Any CPU
		{D74EF528-5960-4D6E-946A-A53E8F1662E8}.Debug|Any CPU.ActiveCfg = Debug|Any CPU
		{D74EF528-5960-4D6E-946A-A53E8F1662E8}.Debug|Any CPU.Build.0 = Debug|Any CPU
		{D74EF528-5960-4D6E-946A-A53E8F1662E8}.Release|Any CPU.ActiveCfg = Release|Any CPU
		{D74EF528-5960-4D6E-946A-A53E8F1662E8}.Release|Any CPU.Build.0 = Release|Any CPU
		{56310785-EAA7-494F-AF77-77F1A1AA65CD}.Debug|Any CPU.ActiveCfg = Debug|Any CPU
		{56310785-EAA7-494F-AF77-77F1A1AA65CD}.Debug|Any CPU.Build.0 = Debug|Any CPU
		{56310785-EAA7-494F-AF77-77F1A1AA65CD}.Release|Any CPU.ActiveCfg = Release|Any CPU
		{56310785-EAA7-494F-AF77-77F1A1AA65CD}.Release|Any CPU.Build.0 = Release|Any CPU
		{694F699A-0CBC-4680-BC45-4CF1085E1B5A}.Debug|Any CPU.ActiveCfg = Debug|Any CPU
		{694F699A-0CBC-4680-BC45-4CF1085E1B5A}.Debug|Any CPU.Build.0 = Debug|Any CPU
		{694F699A-0CBC-4680-BC45-4CF1085E1B5A}.Release|Any CPU.ActiveCfg = Release|Any CPU
		{694F699A-0CBC-4680-BC45-4CF1085E1B5A}.Release|Any CPU.Build.0 = Release|Any CPU
		{8B1461F8-3831-4DC9-8A5B-7E33FB72EC12}.Debug|Any CPU.ActiveCfg = Debug|Any CPU
		{8B1461F8-3831-4DC9-8A5B-7E33FB72EC12}.Debug|Any CPU.Build.0 = Debug|Any CPU
		{8B1461F8-3831-4DC9-8A5B-7E33FB72EC12}.Release|Any CPU.ActiveCfg = Release|Any CPU
		{8B1461F8-3831-4DC9-8A5B-7E33FB72EC12}.Release|Any CPU.Build.0 = Release|Any CPU
		{1D14609E-075C-4B34-BD4F-6062E8ADDCBF}.Debug|Any CPU.ActiveCfg = Debug|Any CPU
		{1D14609E-075C-4B34-BD4F-6062E8ADDCBF}.Debug|Any CPU.Build.0 = Debug|Any CPU
		{1D14609E-075C-4B34-BD4F-6062E8ADDCBF}.Release|Any CPU.ActiveCfg = Release|Any CPU
		{1D14609E-075C-4B34-BD4F-6062E8ADDCBF}.Release|Any CPU.Build.0 = Release|Any CPU
		{8678D6A0-E51C-4643-94C1-7525E1F30FCC}.Debug|Any CPU.ActiveCfg = Debug|Any CPU
		{8678D6A0-E51C-4643-94C1-7525E1F30FCC}.Debug|Any CPU.Build.0 = Debug|Any CPU
		{8678D6A0-E51C-4643-94C1-7525E1F30FCC}.Release|Any CPU.ActiveCfg = Release|Any CPU
		{8678D6A0-E51C-4643-94C1-7525E1F30FCC}.Release|Any CPU.Build.0 = Release|Any CPU
		{D2044D6F-1655-444D-BF9E-1723782C3AE6}.Debug|Any CPU.ActiveCfg = Debug|Any CPU
		{D2044D6F-1655-444D-BF9E-1723782C3AE6}.Debug|Any CPU.Build.0 = Debug|Any CPU
		{D2044D6F-1655-444D-BF9E-1723782C3AE6}.Release|Any CPU.ActiveCfg = Release|Any CPU
		{D2044D6F-1655-444D-BF9E-1723782C3AE6}.Release|Any CPU.Build.0 = Release|Any CPU
		{468EA981-31DC-4B29-A2BF-D38464C81146}.Debug|Any CPU.ActiveCfg = Debug|Any CPU
		{468EA981-31DC-4B29-A2BF-D38464C81146}.Debug|Any CPU.Build.0 = Debug|Any CPU
		{468EA981-31DC-4B29-A2BF-D38464C81146}.Release|Any CPU.ActiveCfg = Release|Any CPU
		{468EA981-31DC-4B29-A2BF-D38464C81146}.Release|Any CPU.Build.0 = Release|Any CPU
		{8AB1E6A9-9C35-42A1-9BFA-FD68693941EF}.Debug|Any CPU.ActiveCfg = Debug|Any CPU
		{8AB1E6A9-9C35-42A1-9BFA-FD68693941EF}.Debug|Any CPU.Build.0 = Debug|Any CPU
		{8AB1E6A9-9C35-42A1-9BFA-FD68693941EF}.Release|Any CPU.ActiveCfg = Release|Any CPU
		{8AB1E6A9-9C35-42A1-9BFA-FD68693941EF}.Release|Any CPU.Build.0 = Release|Any CPU
		{846FC6BC-04DC-4913-9001-FCCDD2D15BB8}.Debug|Any CPU.ActiveCfg = Debug|Any CPU
		{846FC6BC-04DC-4913-9001-FCCDD2D15BB8}.Debug|Any CPU.Build.0 = Debug|Any CPU
		{846FC6BC-04DC-4913-9001-FCCDD2D15BB8}.Release|Any CPU.ActiveCfg = Release|Any CPU
		{846FC6BC-04DC-4913-9001-FCCDD2D15BB8}.Release|Any CPU.Build.0 = Release|Any CPU
		{5240BF9E-CFFE-44D3-BF7B-0FC2CEC57024}.Debug|Any CPU.ActiveCfg = Debug|Any CPU
		{5240BF9E-CFFE-44D3-BF7B-0FC2CEC57024}.Debug|Any CPU.Build.0 = Debug|Any CPU
		{5240BF9E-CFFE-44D3-BF7B-0FC2CEC57024}.Release|Any CPU.ActiveCfg = Release|Any CPU
		{5240BF9E-CFFE-44D3-BF7B-0FC2CEC57024}.Release|Any CPU.Build.0 = Release|Any CPU
		{43561F17-71C2-4F03-95EB-00E477D44F26}.Debug|Any CPU.ActiveCfg = Debug|Any CPU
		{43561F17-71C2-4F03-95EB-00E477D44F26}.Debug|Any CPU.Build.0 = Debug|Any CPU
		{43561F17-71C2-4F03-95EB-00E477D44F26}.Release|Any CPU.ActiveCfg = Release|Any CPU
		{43561F17-71C2-4F03-95EB-00E477D44F26}.Release|Any CPU.Build.0 = Release|Any CPU
		{990D2587-37EB-4924-8E03-8853F1F63AF1}.Debug|Any CPU.ActiveCfg = Debug|Any CPU
		{990D2587-37EB-4924-8E03-8853F1F63AF1}.Debug|Any CPU.Build.0 = Debug|Any CPU
		{990D2587-37EB-4924-8E03-8853F1F63AF1}.Release|Any CPU.ActiveCfg = Release|Any CPU
		{990D2587-37EB-4924-8E03-8853F1F63AF1}.Release|Any CPU.Build.0 = Release|Any CPU
		{0F57C1E9-BA9A-4533-A00F-2B17A069118C}.Debug|Any CPU.ActiveCfg = Debug|Any CPU
		{0F57C1E9-BA9A-4533-A00F-2B17A069118C}.Debug|Any CPU.Build.0 = Debug|Any CPU
		{0F57C1E9-BA9A-4533-A00F-2B17A069118C}.Release|Any CPU.ActiveCfg = Release|Any CPU
		{0F57C1E9-BA9A-4533-A00F-2B17A069118C}.Release|Any CPU.Build.0 = Release|Any CPU
		{F6A9D2C8-AD3B-491D-8EE5-067F58BB197D}.Debug|Any CPU.ActiveCfg = Debug|Any CPU
		{F6A9D2C8-AD3B-491D-8EE5-067F58BB197D}.Debug|Any CPU.Build.0 = Debug|Any CPU
		{F6A9D2C8-AD3B-491D-8EE5-067F58BB197D}.Release|Any CPU.ActiveCfg = Release|Any CPU
		{F6A9D2C8-AD3B-491D-8EE5-067F58BB197D}.Release|Any CPU.Build.0 = Release|Any CPU
		{2023751D-739A-49C5-B17F-49D97A8703F9}.Debug|Any CPU.ActiveCfg = Debug|Any CPU
		{2023751D-739A-49C5-B17F-49D97A8703F9}.Debug|Any CPU.Build.0 = Debug|Any CPU
		{2023751D-739A-49C5-B17F-49D97A8703F9}.Release|Any CPU.ActiveCfg = Release|Any CPU
		{2023751D-739A-49C5-B17F-49D97A8703F9}.Release|Any CPU.Build.0 = Release|Any CPU
		{A786F91B-C239-42AC-A37D-E9DE635D5DA3}.Debug|Any CPU.ActiveCfg = Debug|Any CPU
		{A786F91B-C239-42AC-A37D-E9DE635D5DA3}.Debug|Any CPU.Build.0 = Debug|Any CPU
		{A786F91B-C239-42AC-A37D-E9DE635D5DA3}.Release|Any CPU.ActiveCfg = Release|Any CPU
		{A786F91B-C239-42AC-A37D-E9DE635D5DA3}.Release|Any CPU.Build.0 = Release|Any CPU
		{1121DD8A-33EE-4DC6-87AE-49CFC7BB587A}.Debug|Any CPU.ActiveCfg = Debug|Any CPU
		{1121DD8A-33EE-4DC6-87AE-49CFC7BB587A}.Debug|Any CPU.Build.0 = Debug|Any CPU
		{1121DD8A-33EE-4DC6-87AE-49CFC7BB587A}.Release|Any CPU.ActiveCfg = Release|Any CPU
		{1121DD8A-33EE-4DC6-87AE-49CFC7BB587A}.Release|Any CPU.Build.0 = Release|Any CPU
		{EE396A9D-0525-44AE-A854-5613688040F5}.Debug|Any CPU.ActiveCfg = Debug|Any CPU
		{EE396A9D-0525-44AE-A854-5613688040F5}.Debug|Any CPU.Build.0 = Debug|Any CPU
		{EE396A9D-0525-44AE-A854-5613688040F5}.Release|Any CPU.ActiveCfg = Release|Any CPU
		{EE396A9D-0525-44AE-A854-5613688040F5}.Release|Any CPU.Build.0 = Release|Any CPU
		{A939D046-4202-4ECA-BBFC-8901F9291E83}.Debug|Any CPU.ActiveCfg = Debug|Any CPU
		{A939D046-4202-4ECA-BBFC-8901F9291E83}.Debug|Any CPU.Build.0 = Debug|Any CPU
		{A939D046-4202-4ECA-BBFC-8901F9291E83}.Release|Any CPU.ActiveCfg = Release|Any CPU
		{A939D046-4202-4ECA-BBFC-8901F9291E83}.Release|Any CPU.Build.0 = Release|Any CPU
		{E903C235-B58E-4930-B647-9C7C12C8F4A8}.Debug|Any CPU.ActiveCfg = Debug|Any CPU
		{E903C235-B58E-4930-B647-9C7C12C8F4A8}.Debug|Any CPU.Build.0 = Debug|Any CPU
		{E903C235-B58E-4930-B647-9C7C12C8F4A8}.Release|Any CPU.ActiveCfg = Release|Any CPU
		{E903C235-B58E-4930-B647-9C7C12C8F4A8}.Release|Any CPU.Build.0 = Release|Any CPU
	EndGlobalSection
	GlobalSection(SolutionProperties) = preSolution
		HideSolutionNode = FALSE
	EndGlobalSection
	GlobalSection(NestedProjects) = preSolution
		{610B606C-ADB4-4F99-8A5B-BF6D358C9BCD} = {2FF1E1E5-66CA-45FA-95E6-E7C6E1CB1F22}
		{0AF13A6C-2FF8-4BBD-B09C-D8F40BC4B4E0} = {619107DC-96B0-42E7-8CB1-216276FBB5D5}
		{BDE73EF3-39C8-435B-9955-91CFBF79DC94} = {619107DC-96B0-42E7-8CB1-216276FBB5D5}
		{4B7D5BA1-735C-42C8-AA0C-BD5AA19407BB} = {619107DC-96B0-42E7-8CB1-216276FBB5D5}
		{9FB77D94-1462-4D64-89AC-19A43163C4F8} = {619107DC-96B0-42E7-8CB1-216276FBB5D5}
		{3256FEDA-1D76-4803-AD97-DF1FEAAD296D} = {619107DC-96B0-42E7-8CB1-216276FBB5D5}
		{2FB9777E-D815-42D3-8EB1-8FEA26D302EB} = {7E811035-D861-4D46-B9DC-FB799830D483}
		{6C14D1E2-B693-4227-BF87-85072F2AE16A} = {7E811035-D861-4D46-B9DC-FB799830D483}
		{274FFEF8-A239-4624-883F-06268A92CFB2} = {7E811035-D861-4D46-B9DC-FB799830D483}
		{29FD6E16-FCBD-4D12-97EC-938CE15B74CD} = {7E811035-D861-4D46-B9DC-FB799830D483}
		{2CC432FB-B163-4694-A492-4F2F5F94918A} = {7E811035-D861-4D46-B9DC-FB799830D483}
		{A44BA1E4-12BB-40BB-82E9-AC34E0DBD749} = {7E811035-D861-4D46-B9DC-FB799830D483}
		{F2E785FA-7B9D-40F4-B661-F33FC7D203C6} = {739B07A5-23F8-4BAF-9A44-D4BC1DD7D0AA}
		{AD5AE258-BC50-4ABA-BD92-171C89A96C30} = {739B07A5-23F8-4BAF-9A44-D4BC1DD7D0AA}
		{3BD85A85-A9B4-4789-B0DE-6BB8DF141184} = {3CF5D4B4-8B45-4E62-8C27-77059DEB5707}
		{F472C68B-2294-4DE7-86AD-56D95E53EAAE} = {3CF5D4B4-8B45-4E62-8C27-77059DEB5707}
		{83F7E6A8-E385-4325-89B2-2CAAD98C909D} = {739B07A5-23F8-4BAF-9A44-D4BC1DD7D0AA}
		{A9A804D8-CCE9-4D71-8378-CB001CE64123} = {3CF5D4B4-8B45-4E62-8C27-77059DEB5707}
		{5BA67CF2-BEA6-4E98-A306-6E08382CB187} = {739B07A5-23F8-4BAF-9A44-D4BC1DD7D0AA}
		{47BA0B94-279B-4CAB-BB30-D31A807F8DF3} = {6AFD15D0-60E5-49AC-BBFB-16E3DFB3E498}
		{6AFD15D0-60E5-49AC-BBFB-16E3DFB3E498} = {739B07A5-23F8-4BAF-9A44-D4BC1DD7D0AA}
		{D7A2D4A4-2A7B-45FF-B6CD-1EAD2BFE6060} = {6AFD15D0-60E5-49AC-BBFB-16E3DFB3E498}
		{D74EF528-5960-4D6E-946A-A53E8F1662E8} = {6AFD15D0-60E5-49AC-BBFB-16E3DFB3E498}
		{3CF5D4B4-8B45-4E62-8C27-77059DEB5707} = {739B07A5-23F8-4BAF-9A44-D4BC1DD7D0AA}
		{56310785-EAA7-494F-AF77-77F1A1AA65CD} = {E0EE35E8-6E09-48F4-9823-E97B29CFC544}
		{694F699A-0CBC-4680-BC45-4CF1085E1B5A} = {E0EE35E8-6E09-48F4-9823-E97B29CFC544}
		{8B1461F8-3831-4DC9-8A5B-7E33FB72EC12} = {E0EE35E8-6E09-48F4-9823-E97B29CFC544}
		{1D14609E-075C-4B34-BD4F-6062E8ADDCBF} = {E0EE35E8-6E09-48F4-9823-E97B29CFC544}
		{8678D6A0-E51C-4643-94C1-7525E1F30FCC} = {0D9C77BB-A4EC-4D81-98A3-8B7B97E5CF7B}
		{D2044D6F-1655-444D-BF9E-1723782C3AE6} = {0D9C77BB-A4EC-4D81-98A3-8B7B97E5CF7B}
		{468EA981-31DC-4B29-A2BF-D38464C81146} = {0D9C77BB-A4EC-4D81-98A3-8B7B97E5CF7B}
		{8AB1E6A9-9C35-42A1-9BFA-FD68693941EF} = {0D9C77BB-A4EC-4D81-98A3-8B7B97E5CF7B}
		{846FC6BC-04DC-4913-9001-FCCDD2D15BB8} = {0D9C77BB-A4EC-4D81-98A3-8B7B97E5CF7B}
		{5240BF9E-CFFE-44D3-BF7B-0FC2CEC57024} = {0D9C77BB-A4EC-4D81-98A3-8B7B97E5CF7B}
		{43561F17-71C2-4F03-95EB-00E477D44F26} = {0D9C77BB-A4EC-4D81-98A3-8B7B97E5CF7B}
		{990D2587-37EB-4924-8E03-8853F1F63AF1} = {0D9C77BB-A4EC-4D81-98A3-8B7B97E5CF7B}
		{0F57C1E9-BA9A-4533-A00F-2B17A069118C} = {0D9C77BB-A4EC-4D81-98A3-8B7B97E5CF7B}
		{F6A9D2C8-AD3B-491D-8EE5-067F58BB197D} = {3FEFC133-BCE5-4D6B-B643-7AF770E158D6}
		{2023751D-739A-49C5-B17F-49D97A8703F9} = {3FEFC133-BCE5-4D6B-B643-7AF770E158D6}
		{A786F91B-C239-42AC-A37D-E9DE635D5DA3} = {3FEFC133-BCE5-4D6B-B643-7AF770E158D6}
		{1121DD8A-33EE-4DC6-87AE-49CFC7BB587A} = {3FEFC133-BCE5-4D6B-B643-7AF770E158D6}
		{EE396A9D-0525-44AE-A854-5613688040F5} = {3FEFC133-BCE5-4D6B-B643-7AF770E158D6}
		{A939D046-4202-4ECA-BBFC-8901F9291E83} = {3CF5D4B4-8B45-4E62-8C27-77059DEB5707}
		{E903C235-B58E-4930-B647-9C7C12C8F4A8} = {E0EE35E8-6E09-48F4-9823-E97B29CFC544}
	EndGlobalSection
	GlobalSection(ExtensibilityGlobals) = postSolution
		SolutionGuid = {0C2A2445-A4F2-4261-BCDB-EEFFC01D03EF}
	EndGlobalSection
EndGlobal
