
Microsoft Visual Studio Solution File, Format Version 12.00
# Visual Studio Version 17
VisualStudioVersion = 17.4.33403.182
MinimumVisualStudioVersion = 10.0.40219.1
Project("{FAE04EC0-301F-11D3-BF4B-00C04F79EFBC}") = "PriorityQueue", "PriorityQueue.csproj", "{6FD8CF72-B045-493E-B3B6-71165DFDC56C}"
EndProject
Global
	GlobalSection(SolutionConfigurationPlatforms) = preSolution
		Debug|Any CPU = Debug|Any CPU
		Release|Any CPU = Release|Any CPU
	EndGlobalSection
	GlobalSection(ProjectConfigurationPlatforms) = postSolution
		{6FD8CF72-B045-493E-B3B6-71165DFDC56C}.Debug|Any CPU.ActiveCfg = Debug|Any CPU
		{6FD8CF72-B045-493E-B3B6-71165DFDC56C}.Debug|Any CPU.Build.0 = Debug|Any CPU
		{6FD8CF72-B045-493E-B3B6-71165DFDC56C}.Release|Any CPU.ActiveCfg = Release|Any CPU
		{6FD8CF72-B045-493E-B3B6-71165DFDC56C}.Release|Any CPU.Build.0 = Release|Any CPU
	EndGlobalSection
	GlobalSection(SolutionProperties) = preSolution
		HideSolutionNode = FALSE
	EndGlobalSection
	GlobalSection(ExtensibilityGlobals) = postSolution
		SolutionGuid = {85369034-BE48-4BEA-93C4-A98833E56699}
	EndGlobalSection
EndGlobal
